
Microsoft Visual Studio Solution File, Format Version 12.00
# Visual Studio Version 16
VisualStudioVersion = 16.0.30114.105
MinimumVisualStudioVersion = 15.0.26124.0
Project("{2150E333-8FDC-42A3-9474-1A3956D46DE8}") = "src", "src", "{8C188B2A-A6B5-4F12-AA49-CD15EDAA2FC0}"
EndProject
Project("{9A19103F-16F7-4668-BE54-9A1E7A4F7556}") = "Benday.SqlUtils.Api", "src\Benday.SqlUtils.Api\Benday.SqlUtils.Api.csproj", "{99E64465-DA6E-4AFD-813C-E0144AB84861}"
EndProject
Project("{2150E333-8FDC-42A3-9474-1A3956D46DE8}") = "test", "test", "{07A5B4C7-ED61-4776-814D-9AFB91ADA6DD}"
EndProject
Project("{9A19103F-16F7-4668-BE54-9A1E7A4F7556}") = "Benday.SqlUtils.UnitTests", "test\Benday.SqlUtils.UnitTests\Benday.SqlUtils.UnitTests.csproj", "{8942148C-160B-4A39-9AC9-0329F52D5E88}"
EndProject
Project("{9A19103F-16F7-4668-BE54-9A1E7A4F7556}") = "Benday.SqlUtils.WpfUi", "src\Benday.SqlUtils.WpfUi\Benday.SqlUtils.WpfUi.csproj", "{5FF78176-0385-4128-B6E0-C25090DED380}"
EndProject
Project("{9A19103F-16F7-4668-BE54-9A1E7A4F7556}") = "Benday.Presentation", "src\Benday.Presentation\Benday.Presentation.csproj", "{E95EBDFB-CC8E-4BCE-917F-DB84B09DC613}"
EndProject
Project("{9A19103F-16F7-4668-BE54-9A1E7A4F7556}") = "Benday.Presentation.UnitTests", "test\Benday.Presentation.UnitTests\Benday.Presentation.UnitTests.csproj", "{8FCD3F37-8B3C-4D50-857E-78DB8F2DD1FA}"
EndProject
Project("{9A19103F-16F7-4668-BE54-9A1E7A4F7556}") = "Benday.SqlUtils.Presentation", "src\Benday.SqlUtils.Presentation\Benday.SqlUtils.Presentation.csproj", "{630C47E5-D63C-4F53-B77B-53651A759CF7}"
EndProject
Project("{C7167F0D-BC9F-4E6E-AFE1-012C56B48DB5}") = "ShovelInstaller", "ShovelInstaller\ShovelInstaller.wapproj", "{E6CE7565-5669-4DAC-AE27-900CC8DB3270}"
EndProject
Project("{FAE04EC0-301F-11D3-BF4B-00C04F79EFBC}") = "Benday.SqlUtils.SqlUtilCli", "src\Benday.SqlUtils.SqlUtilCli\Benday.SqlUtils.SqlUtilCli.csproj", "{F6F617D1-BB21-4F5E-8D52-99D5A978C4D6}"
EndProject
Global
	GlobalSection(SolutionConfigurationPlatforms) = preSolution
		Debug|Any CPU = Debug|Any CPU
		Debug|ARM = Debug|ARM
		Debug|ARM64 = Debug|ARM64
		Debug|x64 = Debug|x64
		Debug|x86 = Debug|x86
		Release|Any CPU = Release|Any CPU
		Release|ARM = Release|ARM
		Release|ARM64 = Release|ARM64
		Release|x64 = Release|x64
		Release|x86 = Release|x86
	EndGlobalSection
	GlobalSection(ProjectConfigurationPlatforms) = postSolution
		{99E64465-DA6E-4AFD-813C-E0144AB84861}.Debug|Any CPU.ActiveCfg = Debug|Any CPU
		{99E64465-DA6E-4AFD-813C-E0144AB84861}.Debug|Any CPU.Build.0 = Debug|Any CPU
		{99E64465-DA6E-4AFD-813C-E0144AB84861}.Debug|ARM.ActiveCfg = Debug|Any CPU
		{99E64465-DA6E-4AFD-813C-E0144AB84861}.Debug|ARM.Build.0 = Debug|Any CPU
		{99E64465-DA6E-4AFD-813C-E0144AB84861}.Debug|ARM64.ActiveCfg = Debug|Any CPU
		{99E64465-DA6E-4AFD-813C-E0144AB84861}.Debug|ARM64.Build.0 = Debug|Any CPU
		{99E64465-DA6E-4AFD-813C-E0144AB84861}.Debug|x64.ActiveCfg = Debug|Any CPU
		{99E64465-DA6E-4AFD-813C-E0144AB84861}.Debug|x64.Build.0 = Debug|Any CPU
		{99E64465-DA6E-4AFD-813C-E0144AB84861}.Debug|x86.ActiveCfg = Debug|Any CPU
		{99E64465-DA6E-4AFD-813C-E0144AB84861}.Debug|x86.Build.0 = Debug|Any CPU
		{99E64465-DA6E-4AFD-813C-E0144AB84861}.Release|Any CPU.ActiveCfg = Release|Any CPU
		{99E64465-DA6E-4AFD-813C-E0144AB84861}.Release|Any CPU.Build.0 = Release|Any CPU
		{99E64465-DA6E-4AFD-813C-E0144AB84861}.Release|ARM.ActiveCfg = Release|Any CPU
		{99E64465-DA6E-4AFD-813C-E0144AB84861}.Release|ARM.Build.0 = Release|Any CPU
		{99E64465-DA6E-4AFD-813C-E0144AB84861}.Release|ARM64.ActiveCfg = Release|Any CPU
		{99E64465-DA6E-4AFD-813C-E0144AB84861}.Release|ARM64.Build.0 = Release|Any CPU
		{99E64465-DA6E-4AFD-813C-E0144AB84861}.Release|x64.ActiveCfg = Release|Any CPU
		{99E64465-DA6E-4AFD-813C-E0144AB84861}.Release|x64.Build.0 = Release|Any CPU
		{99E64465-DA6E-4AFD-813C-E0144AB84861}.Release|x86.ActiveCfg = Release|Any CPU
		{99E64465-DA6E-4AFD-813C-E0144AB84861}.Release|x86.Build.0 = Release|Any CPU
		{8942148C-160B-4A39-9AC9-0329F52D5E88}.Debug|Any CPU.ActiveCfg = Debug|Any CPU
		{8942148C-160B-4A39-9AC9-0329F52D5E88}.Debug|Any CPU.Build.0 = Debug|Any CPU
		{8942148C-160B-4A39-9AC9-0329F52D5E88}.Debug|ARM.ActiveCfg = Debug|Any CPU
		{8942148C-160B-4A39-9AC9-0329F52D5E88}.Debug|ARM.Build.0 = Debug|Any CPU
		{8942148C-160B-4A39-9AC9-0329F52D5E88}.Debug|ARM64.ActiveCfg = Debug|Any CPU
		{8942148C-160B-4A39-9AC9-0329F52D5E88}.Debug|ARM64.Build.0 = Debug|Any CPU
		{8942148C-160B-4A39-9AC9-0329F52D5E88}.Debug|x64.ActiveCfg = Debug|Any CPU
		{8942148C-160B-4A39-9AC9-0329F52D5E88}.Debug|x64.Build.0 = Debug|Any CPU
		{8942148C-160B-4A39-9AC9-0329F52D5E88}.Debug|x86.ActiveCfg = Debug|Any CPU
		{8942148C-160B-4A39-9AC9-0329F52D5E88}.Debug|x86.Build.0 = Debug|Any CPU
		{8942148C-160B-4A39-9AC9-0329F52D5E88}.Release|Any CPU.ActiveCfg = Release|Any CPU
		{8942148C-160B-4A39-9AC9-0329F52D5E88}.Release|Any CPU.Build.0 = Release|Any CPU
		{8942148C-160B-4A39-9AC9-0329F52D5E88}.Release|ARM.ActiveCfg = Release|Any CPU
		{8942148C-160B-4A39-9AC9-0329F52D5E88}.Release|ARM.Build.0 = Release|Any CPU
		{8942148C-160B-4A39-9AC9-0329F52D5E88}.Release|ARM64.ActiveCfg = Release|Any CPU
		{8942148C-160B-4A39-9AC9-0329F52D5E88}.Release|ARM64.Build.0 = Release|Any CPU
		{8942148C-160B-4A39-9AC9-0329F52D5E88}.Release|x64.ActiveCfg = Release|Any CPU
		{8942148C-160B-4A39-9AC9-0329F52D5E88}.Release|x64.Build.0 = Release|Any CPU
		{8942148C-160B-4A39-9AC9-0329F52D5E88}.Release|x86.ActiveCfg = Release|Any CPU
		{8942148C-160B-4A39-9AC9-0329F52D5E88}.Release|x86.Build.0 = Release|Any CPU
		{5FF78176-0385-4128-B6E0-C25090DED380}.Debug|Any CPU.ActiveCfg = Debug|Any CPU
		{5FF78176-0385-4128-B6E0-C25090DED380}.Debug|Any CPU.Build.0 = Debug|Any CPU
		{5FF78176-0385-4128-B6E0-C25090DED380}.Debug|ARM.ActiveCfg = Debug|Any CPU
		{5FF78176-0385-4128-B6E0-C25090DED380}.Debug|ARM.Build.0 = Debug|Any CPU
		{5FF78176-0385-4128-B6E0-C25090DED380}.Debug|ARM64.ActiveCfg = Debug|Any CPU
		{5FF78176-0385-4128-B6E0-C25090DED380}.Debug|ARM64.Build.0 = Debug|Any CPU
		{5FF78176-0385-4128-B6E0-C25090DED380}.Debug|x64.ActiveCfg = Debug|Any CPU
		{5FF78176-0385-4128-B6E0-C25090DED380}.Debug|x64.Build.0 = Debug|Any CPU
		{5FF78176-0385-4128-B6E0-C25090DED380}.Debug|x86.ActiveCfg = Debug|x86
		{5FF78176-0385-4128-B6E0-C25090DED380}.Debug|x86.Build.0 = Debug|x86
		{5FF78176-0385-4128-B6E0-C25090DED380}.Release|Any CPU.ActiveCfg = Release|Any CPU
		{5FF78176-0385-4128-B6E0-C25090DED380}.Release|Any CPU.Build.0 = Release|Any CPU
		{5FF78176-0385-4128-B6E0-C25090DED380}.Release|ARM.ActiveCfg = Release|Any CPU
		{5FF78176-0385-4128-B6E0-C25090DED380}.Release|ARM.Build.0 = Release|Any CPU
		{5FF78176-0385-4128-B6E0-C25090DED380}.Release|ARM64.ActiveCfg = Release|Any CPU
		{5FF78176-0385-4128-B6E0-C25090DED380}.Release|ARM64.Build.0 = Release|Any CPU
		{5FF78176-0385-4128-B6E0-C25090DED380}.Release|x64.ActiveCfg = Release|Any CPU
		{5FF78176-0385-4128-B6E0-C25090DED380}.Release|x64.Build.0 = Release|Any CPU
		{5FF78176-0385-4128-B6E0-C25090DED380}.Release|x86.ActiveCfg = Release|x86
		{5FF78176-0385-4128-B6E0-C25090DED380}.Release|x86.Build.0 = Release|x86
		{E95EBDFB-CC8E-4BCE-917F-DB84B09DC613}.Debug|Any CPU.ActiveCfg = Debug|Any CPU
		{E95EBDFB-CC8E-4BCE-917F-DB84B09DC613}.Debug|Any CPU.Build.0 = Debug|Any CPU
		{E95EBDFB-CC8E-4BCE-917F-DB84B09DC613}.Debug|ARM.ActiveCfg = Debug|Any CPU
		{E95EBDFB-CC8E-4BCE-917F-DB84B09DC613}.Debug|ARM.Build.0 = Debug|Any CPU
		{E95EBDFB-CC8E-4BCE-917F-DB84B09DC613}.Debug|ARM64.ActiveCfg = Debug|Any CPU
		{E95EBDFB-CC8E-4BCE-917F-DB84B09DC613}.Debug|ARM64.Build.0 = Debug|Any CPU
		{E95EBDFB-CC8E-4BCE-917F-DB84B09DC613}.Debug|x64.ActiveCfg = Debug|Any CPU
		{E95EBDFB-CC8E-4BCE-917F-DB84B09DC613}.Debug|x64.Build.0 = Debug|Any CPU
		{E95EBDFB-CC8E-4BCE-917F-DB84B09DC613}.Debug|x86.ActiveCfg = Debug|Any CPU
		{E95EBDFB-CC8E-4BCE-917F-DB84B09DC613}.Debug|x86.Build.0 = Debug|Any CPU
		{E95EBDFB-CC8E-4BCE-917F-DB84B09DC613}.Release|Any CPU.ActiveCfg = Release|Any CPU
		{E95EBDFB-CC8E-4BCE-917F-DB84B09DC613}.Release|Any CPU.Build.0 = Release|Any CPU
		{E95EBDFB-CC8E-4BCE-917F-DB84B09DC613}.Release|ARM.ActiveCfg = Release|Any CPU
		{E95EBDFB-CC8E-4BCE-917F-DB84B09DC613}.Release|ARM.Build.0 = Release|Any CPU
		{E95EBDFB-CC8E-4BCE-917F-DB84B09DC613}.Release|ARM64.ActiveCfg = Release|Any CPU
		{E95EBDFB-CC8E-4BCE-917F-DB84B09DC613}.Release|ARM64.Build.0 = Release|Any CPU
		{E95EBDFB-CC8E-4BCE-917F-DB84B09DC613}.Release|x64.ActiveCfg = Release|Any CPU
		{E95EBDFB-CC8E-4BCE-917F-DB84B09DC613}.Release|x64.Build.0 = Release|Any CPU
		{E95EBDFB-CC8E-4BCE-917F-DB84B09DC613}.Release|x86.ActiveCfg = Release|Any CPU
		{E95EBDFB-CC8E-4BCE-917F-DB84B09DC613}.Release|x86.Build.0 = Release|Any CPU
		{8FCD3F37-8B3C-4D50-857E-78DB8F2DD1FA}.Debug|Any CPU.ActiveCfg = Debug|Any CPU
		{8FCD3F37-8B3C-4D50-857E-78DB8F2DD1FA}.Debug|Any CPU.Build.0 = Debug|Any CPU
		{8FCD3F37-8B3C-4D50-857E-78DB8F2DD1FA}.Debug|ARM.ActiveCfg = Debug|Any CPU
		{8FCD3F37-8B3C-4D50-857E-78DB8F2DD1FA}.Debug|ARM.Build.0 = Debug|Any CPU
		{8FCD3F37-8B3C-4D50-857E-78DB8F2DD1FA}.Debug|ARM64.ActiveCfg = Debug|Any CPU
		{8FCD3F37-8B3C-4D50-857E-78DB8F2DD1FA}.Debug|ARM64.Build.0 = Debug|Any CPU
		{8FCD3F37-8B3C-4D50-857E-78DB8F2DD1FA}.Debug|x64.ActiveCfg = Debug|Any CPU
		{8FCD3F37-8B3C-4D50-857E-78DB8F2DD1FA}.Debug|x64.Build.0 = Debug|Any CPU
		{8FCD3F37-8B3C-4D50-857E-78DB8F2DD1FA}.Debug|x86.ActiveCfg = Debug|Any CPU
		{8FCD3F37-8B3C-4D50-857E-78DB8F2DD1FA}.Debug|x86.Build.0 = Debug|Any CPU
		{8FCD3F37-8B3C-4D50-857E-78DB8F2DD1FA}.Release|Any CPU.ActiveCfg = Release|Any CPU
		{8FCD3F37-8B3C-4D50-857E-78DB8F2DD1FA}.Release|Any CPU.Build.0 = Release|Any CPU
		{8FCD3F37-8B3C-4D50-857E-78DB8F2DD1FA}.Release|ARM.ActiveCfg = Release|Any CPU
		{8FCD3F37-8B3C-4D50-857E-78DB8F2DD1FA}.Release|ARM.Build.0 = Release|Any CPU
		{8FCD3F37-8B3C-4D50-857E-78DB8F2DD1FA}.Release|ARM64.ActiveCfg = Release|Any CPU
		{8FCD3F37-8B3C-4D50-857E-78DB8F2DD1FA}.Release|ARM64.Build.0 = Release|Any CPU
		{8FCD3F37-8B3C-4D50-857E-78DB8F2DD1FA}.Release|x64.ActiveCfg = Release|Any CPU
		{8FCD3F37-8B3C-4D50-857E-78DB8F2DD1FA}.Release|x64.Build.0 = Release|Any CPU
		{8FCD3F37-8B3C-4D50-857E-78DB8F2DD1FA}.Release|x86.ActiveCfg = Release|Any CPU
		{8FCD3F37-8B3C-4D50-857E-78DB8F2DD1FA}.Release|x86.Build.0 = Release|Any CPU
		{630C47E5-D63C-4F53-B77B-53651A759CF7}.Debug|Any CPU.ActiveCfg = Debug|Any CPU
		{630C47E5-D63C-4F53-B77B-53651A759CF7}.Debug|Any CPU.Build.0 = Debug|Any CPU
		{630C47E5-D63C-4F53-B77B-53651A759CF7}.Debug|ARM.ActiveCfg = Debug|Any CPU
		{630C47E5-D63C-4F53-B77B-53651A759CF7}.Debug|ARM.Build.0 = Debug|Any CPU
		{630C47E5-D63C-4F53-B77B-53651A759CF7}.Debug|ARM64.ActiveCfg = Debug|Any CPU
		{630C47E5-D63C-4F53-B77B-53651A759CF7}.Debug|ARM64.Build.0 = Debug|Any CPU
		{630C47E5-D63C-4F53-B77B-53651A759CF7}.Debug|x64.ActiveCfg = Debug|Any CPU
		{630C47E5-D63C-4F53-B77B-53651A759CF7}.Debug|x64.Build.0 = Debug|Any CPU
		{630C47E5-D63C-4F53-B77B-53651A759CF7}.Debug|x86.ActiveCfg = Debug|Any CPU
		{630C47E5-D63C-4F53-B77B-53651A759CF7}.Debug|x86.Build.0 = Debug|Any CPU
		{630C47E5-D63C-4F53-B77B-53651A759CF7}.Release|Any CPU.ActiveCfg = Release|Any CPU
		{630C47E5-D63C-4F53-B77B-53651A759CF7}.Release|Any CPU.Build.0 = Release|Any CPU
		{630C47E5-D63C-4F53-B77B-53651A759CF7}.Release|ARM.ActiveCfg = Release|Any CPU
		{630C47E5-D63C-4F53-B77B-53651A759CF7}.Release|ARM.Build.0 = Release|Any CPU
		{630C47E5-D63C-4F53-B77B-53651A759CF7}.Release|ARM64.ActiveCfg = Release|Any CPU
		{630C47E5-D63C-4F53-B77B-53651A759CF7}.Release|ARM64.Build.0 = Release|Any CPU
		{630C47E5-D63C-4F53-B77B-53651A759CF7}.Release|x64.ActiveCfg = Release|Any CPU
		{630C47E5-D63C-4F53-B77B-53651A759CF7}.Release|x64.Build.0 = Release|Any CPU
		{630C47E5-D63C-4F53-B77B-53651A759CF7}.Release|x86.ActiveCfg = Release|Any CPU
		{630C47E5-D63C-4F53-B77B-53651A759CF7}.Release|x86.Build.0 = Release|Any CPU
		{E6CE7565-5669-4DAC-AE27-900CC8DB3270}.Debug|Any CPU.ActiveCfg = Debug|x86
		{E6CE7565-5669-4DAC-AE27-900CC8DB3270}.Debug|Any CPU.Build.0 = Debug|x86
		{E6CE7565-5669-4DAC-AE27-900CC8DB3270}.Debug|Any CPU.Deploy.0 = Debug|x86
		{E6CE7565-5669-4DAC-AE27-900CC8DB3270}.Debug|ARM.ActiveCfg = Debug|ARM
		{E6CE7565-5669-4DAC-AE27-900CC8DB3270}.Debug|ARM.Build.0 = Debug|ARM
		{E6CE7565-5669-4DAC-AE27-900CC8DB3270}.Debug|ARM.Deploy.0 = Debug|ARM
		{E6CE7565-5669-4DAC-AE27-900CC8DB3270}.Debug|ARM64.ActiveCfg = Debug|ARM64
		{E6CE7565-5669-4DAC-AE27-900CC8DB3270}.Debug|ARM64.Build.0 = Debug|ARM64
		{E6CE7565-5669-4DAC-AE27-900CC8DB3270}.Debug|ARM64.Deploy.0 = Debug|ARM64
		{E6CE7565-5669-4DAC-AE27-900CC8DB3270}.Debug|x64.ActiveCfg = Debug|x64
		{E6CE7565-5669-4DAC-AE27-900CC8DB3270}.Debug|x64.Build.0 = Debug|x64
		{E6CE7565-5669-4DAC-AE27-900CC8DB3270}.Debug|x64.Deploy.0 = Debug|x64
		{E6CE7565-5669-4DAC-AE27-900CC8DB3270}.Debug|x86.ActiveCfg = Debug|x86
		{E6CE7565-5669-4DAC-AE27-900CC8DB3270}.Debug|x86.Build.0 = Debug|x86
		{E6CE7565-5669-4DAC-AE27-900CC8DB3270}.Debug|x86.Deploy.0 = Debug|x86
		{E6CE7565-5669-4DAC-AE27-900CC8DB3270}.Release|Any CPU.ActiveCfg = Release|Any CPU
		{E6CE7565-5669-4DAC-AE27-900CC8DB3270}.Release|Any CPU.Build.0 = Release|Any CPU
		{E6CE7565-5669-4DAC-AE27-900CC8DB3270}.Release|Any CPU.Deploy.0 = Release|Any CPU
		{E6CE7565-5669-4DAC-AE27-900CC8DB3270}.Release|ARM.ActiveCfg = Release|ARM
		{E6CE7565-5669-4DAC-AE27-900CC8DB3270}.Release|ARM.Build.0 = Release|ARM
		{E6CE7565-5669-4DAC-AE27-900CC8DB3270}.Release|ARM.Deploy.0 = Release|ARM
		{E6CE7565-5669-4DAC-AE27-900CC8DB3270}.Release|ARM64.ActiveCfg = Release|ARM64
		{E6CE7565-5669-4DAC-AE27-900CC8DB3270}.Release|ARM64.Build.0 = Release|ARM64
		{E6CE7565-5669-4DAC-AE27-900CC8DB3270}.Release|ARM64.Deploy.0 = Release|ARM64
		{E6CE7565-5669-4DAC-AE27-900CC8DB3270}.Release|x64.ActiveCfg = Release|x64
		{E6CE7565-5669-4DAC-AE27-900CC8DB3270}.Release|x64.Build.0 = Release|x64
		{E6CE7565-5669-4DAC-AE27-900CC8DB3270}.Release|x64.Deploy.0 = Release|x64
		{E6CE7565-5669-4DAC-AE27-900CC8DB3270}.Release|x86.ActiveCfg = Release|x86
		{E6CE7565-5669-4DAC-AE27-900CC8DB3270}.Release|x86.Build.0 = Release|x86
		{E6CE7565-5669-4DAC-AE27-900CC8DB3270}.Release|x86.Deploy.0 = Release|x86
		{F6F617D1-BB21-4F5E-8D52-99D5A978C4D6}.Debug|Any CPU.ActiveCfg = Debug|Any CPU
		{F6F617D1-BB21-4F5E-8D52-99D5A978C4D6}.Debug|Any CPU.Build.0 = Debug|Any CPU
		{F6F617D1-BB21-4F5E-8D52-99D5A978C4D6}.Debug|ARM.ActiveCfg = Debug|Any CPU
		{F6F617D1-BB21-4F5E-8D52-99D5A978C4D6}.Debug|ARM.Build.0 = Debug|Any CPU
		{F6F617D1-BB21-4F5E-8D52-99D5A978C4D6}.Debug|ARM64.ActiveCfg = Debug|Any CPU
		{F6F617D1-BB21-4F5E-8D52-99D5A978C4D6}.Debug|ARM64.Build.0 = Debug|Any CPU
		{F6F617D1-BB21-4F5E-8D52-99D5A978C4D6}.Debug|x64.ActiveCfg = Debug|Any CPU
		{F6F617D1-BB21-4F5E-8D52-99D5A978C4D6}.Debug|x64.Build.0 = Debug|Any CPU
		{F6F617D1-BB21-4F5E-8D52-99D5A978C4D6}.Debug|x86.ActiveCfg = Debug|Any CPU
		{F6F617D1-BB21-4F5E-8D52-99D5A978C4D6}.Debug|x86.Build.0 = Debug|Any CPU
		{F6F617D1-BB21-4F5E-8D52-99D5A978C4D6}.Release|Any CPU.ActiveCfg = Release|Any CPU
		{F6F617D1-BB21-4F5E-8D52-99D5A978C4D6}.Release|Any CPU.Build.0 = Release|Any CPU
		{F6F617D1-BB21-4F5E-8D52-99D5A978C4D6}.Release|ARM.ActiveCfg = Release|Any CPU
		{F6F617D1-BB21-4F5E-8D52-99D5A978C4D6}.Release|ARM.Build.0 = Release|Any CPU
		{F6F617D1-BB21-4F5E-8D52-99D5A978C4D6}.Release|ARM64.ActiveCfg = Release|Any CPU
		{F6F617D1-BB21-4F5E-8D52-99D5A978C4D6}.Release|ARM64.Build.0 = Release|Any CPU
		{F6F617D1-BB21-4F5E-8D52-99D5A978C4D6}.Release|x64.ActiveCfg = Release|Any CPU
		{F6F617D1-BB21-4F5E-8D52-99D5A978C4D6}.Release|x64.Build.0 = Release|Any CPU
		{F6F617D1-BB21-4F5E-8D52-99D5A978C4D6}.Release|x86.ActiveCfg = Release|Any CPU
		{F6F617D1-BB21-4F5E-8D52-99D5A978C4D6}.Release|x86.Build.0 = Release|Any CPU
	EndGlobalSection
	GlobalSection(SolutionProperties) = preSolution
		HideSolutionNode = FALSE
	EndGlobalSection
	GlobalSection(NestedProjects) = preSolution
		{99E64465-DA6E-4AFD-813C-E0144AB84861} = {8C188B2A-A6B5-4F12-AA49-CD15EDAA2FC0}
		{8942148C-160B-4A39-9AC9-0329F52D5E88} = {07A5B4C7-ED61-4776-814D-9AFB91ADA6DD}
		{5FF78176-0385-4128-B6E0-C25090DED380} = {8C188B2A-A6B5-4F12-AA49-CD15EDAA2FC0}
		{E95EBDFB-CC8E-4BCE-917F-DB84B09DC613} = {8C188B2A-A6B5-4F12-AA49-CD15EDAA2FC0}
		{8FCD3F37-8B3C-4D50-857E-78DB8F2DD1FA} = {07A5B4C7-ED61-4776-814D-9AFB91ADA6DD}
		{630C47E5-D63C-4F53-B77B-53651A759CF7} = {8C188B2A-A6B5-4F12-AA49-CD15EDAA2FC0}
		{F6F617D1-BB21-4F5E-8D52-99D5A978C4D6} = {8C188B2A-A6B5-4F12-AA49-CD15EDAA2FC0}
	EndGlobalSection
	GlobalSection(ExtensibilityGlobals) = postSolution
		SolutionGuid = {7EEF558B-2E35-4C05-A188-A38CC323894B}
	EndGlobalSection
EndGlobal
