
Microsoft Visual Studio Solution File, Format Version 12.00
# Visual Studio 15
VisualStudioVersion = 15.0.26124.0
MinimumVisualStudioVersion = 15.0.26124.0
Project("{2150E333-8FDC-42A3-9474-1A3956D46DE8}") = "src", "src", "{8C188B2A-A6B5-4F12-AA49-CD15EDAA2FC0}"
EndProject
Project("{FAE04EC0-301F-11D3-BF4B-00C04F79EFBC}") = "Benday.SqlUtils.Api", "src\Benday.SqlUtils.Api\Benday.SqlUtils.Api.csproj", "{99E64465-DA6E-4AFD-813C-E0144AB84861}"
EndProject
Project("{FAE04EC0-301F-11D3-BF4B-00C04F79EFBC}") = "Benday.SqlUtils.ConsoleUi", "src\Benday.SqlUtils.ConsoleUi\Benday.SqlUtils.ConsoleUi.csproj", "{AF72AAF5-AFB8-4C51-ABAA-AED19FE96F63}"
EndProject
Project("{2150E333-8FDC-42A3-9474-1A3956D46DE8}") = "test", "test", "{07A5B4C7-ED61-4776-814D-9AFB91ADA6DD}"
EndProject
Project("{FAE04EC0-301F-11D3-BF4B-00C04F79EFBC}") = "Benday.SqlUtils.UnitTests", "test\Benday.SqlUtils.UnitTests\Benday.SqlUtils.UnitTests.csproj", "{8942148C-160B-4A39-9AC9-0329F52D5E88}"
EndProject
Project("{FAE04EC0-301F-11D3-BF4B-00C04F79EFBC}") = "Benday.SqlUtils.WpfUi", "src\Benday.SqlUtils.WpfUi\Benday.SqlUtils.WpfUi.csproj", "{5FF78176-0385-4128-B6E0-C25090DED380}"
EndProject
Global
	GlobalSection(SolutionConfigurationPlatforms) = preSolution
		Debug|Any CPU = Debug|Any CPU
		Debug|x64 = Debug|x64
		Debug|x86 = Debug|x86
		Release|Any CPU = Release|Any CPU
		Release|x64 = Release|x64
		Release|x86 = Release|x86
	EndGlobalSection
	GlobalSection(SolutionProperties) = preSolution
		HideSolutionNode = FALSE
	EndGlobalSection
	GlobalSection(ProjectConfigurationPlatforms) = postSolution
		{99E64465-DA6E-4AFD-813C-E0144AB84861}.Debug|Any CPU.ActiveCfg = Debug|Any CPU
		{99E64465-DA6E-4AFD-813C-E0144AB84861}.Debug|Any CPU.Build.0 = Debug|Any CPU
		{99E64465-DA6E-4AFD-813C-E0144AB84861}.Debug|x64.ActiveCfg = Debug|Any CPU
		{99E64465-DA6E-4AFD-813C-E0144AB84861}.Debug|x64.Build.0 = Debug|Any CPU
		{99E64465-DA6E-4AFD-813C-E0144AB84861}.Debug|x86.ActiveCfg = Debug|Any CPU
		{99E64465-DA6E-4AFD-813C-E0144AB84861}.Debug|x86.Build.0 = Debug|Any CPU
		{99E64465-DA6E-4AFD-813C-E0144AB84861}.Release|Any CPU.ActiveCfg = Release|Any CPU
		{99E64465-DA6E-4AFD-813C-E0144AB84861}.Release|Any CPU.Build.0 = Release|Any CPU
		{99E64465-DA6E-4AFD-813C-E0144AB84861}.Release|x64.ActiveCfg = Release|Any CPU
		{99E64465-DA6E-4AFD-813C-E0144AB84861}.Release|x64.Build.0 = Release|Any CPU
		{99E64465-DA6E-4AFD-813C-E0144AB84861}.Release|x86.ActiveCfg = Release|Any CPU
		{99E64465-DA6E-4AFD-813C-E0144AB84861}.Release|x86.Build.0 = Release|Any CPU
		{AF72AAF5-AFB8-4C51-ABAA-AED19FE96F63}.Debug|Any CPU.ActiveCfg = Debug|Any CPU
		{AF72AAF5-AFB8-4C51-ABAA-AED19FE96F63}.Debug|Any CPU.Build.0 = Debug|Any CPU
		{AF72AAF5-AFB8-4C51-ABAA-AED19FE96F63}.Debug|x64.ActiveCfg = Debug|Any CPU
		{AF72AAF5-AFB8-4C51-ABAA-AED19FE96F63}.Debug|x64.Build.0 = Debug|Any CPU
		{AF72AAF5-AFB8-4C51-ABAA-AED19FE96F63}.Debug|x86.ActiveCfg = Debug|Any CPU
		{AF72AAF5-AFB8-4C51-ABAA-AED19FE96F63}.Debug|x86.Build.0 = Debug|Any CPU
		{AF72AAF5-AFB8-4C51-ABAA-AED19FE96F63}.Release|Any CPU.ActiveCfg = Release|Any CPU
		{AF72AAF5-AFB8-4C51-ABAA-AED19FE96F63}.Release|Any CPU.Build.0 = Release|Any CPU
		{AF72AAF5-AFB8-4C51-ABAA-AED19FE96F63}.Release|x64.ActiveCfg = Release|Any CPU
		{AF72AAF5-AFB8-4C51-ABAA-AED19FE96F63}.Release|x64.Build.0 = Release|Any CPU
		{AF72AAF5-AFB8-4C51-ABAA-AED19FE96F63}.Release|x86.ActiveCfg = Release|Any CPU
		{AF72AAF5-AFB8-4C51-ABAA-AED19FE96F63}.Release|x86.Build.0 = Release|Any CPU
		{8942148C-160B-4A39-9AC9-0329F52D5E88}.Debug|Any CPU.ActiveCfg = Debug|Any CPU
		{8942148C-160B-4A39-9AC9-0329F52D5E88}.Debug|Any CPU.Build.0 = Debug|Any CPU
		{8942148C-160B-4A39-9AC9-0329F52D5E88}.Debug|x64.ActiveCfg = Debug|Any CPU
		{8942148C-160B-4A39-9AC9-0329F52D5E88}.Debug|x64.Build.0 = Debug|Any CPU
		{8942148C-160B-4A39-9AC9-0329F52D5E88}.Debug|x86.ActiveCfg = Debug|Any CPU
		{8942148C-160B-4A39-9AC9-0329F52D5E88}.Debug|x86.Build.0 = Debug|Any CPU
		{8942148C-160B-4A39-9AC9-0329F52D5E88}.Release|Any CPU.ActiveCfg = Release|Any CPU
		{8942148C-160B-4A39-9AC9-0329F52D5E88}.Release|Any CPU.Build.0 = Release|Any CPU
		{8942148C-160B-4A39-9AC9-0329F52D5E88}.Release|x64.ActiveCfg = Release|Any CPU
		{8942148C-160B-4A39-9AC9-0329F52D5E88}.Release|x64.Build.0 = Release|Any CPU
		{8942148C-160B-4A39-9AC9-0329F52D5E88}.Release|x86.ActiveCfg = Release|Any CPU
		{8942148C-160B-4A39-9AC9-0329F52D5E88}.Release|x86.Build.0 = Release|Any CPU
		{5FF78176-0385-4128-B6E0-C25090DED380}.Debug|Any CPU.ActiveCfg = Debug|Any CPU
		{5FF78176-0385-4128-B6E0-C25090DED380}.Debug|Any CPU.Build.0 = Debug|Any CPU
		{5FF78176-0385-4128-B6E0-C25090DED380}.Debug|x64.ActiveCfg = Debug|Any CPU
		{5FF78176-0385-4128-B6E0-C25090DED380}.Debug|x64.Build.0 = Debug|Any CPU
		{5FF78176-0385-4128-B6E0-C25090DED380}.Debug|x86.ActiveCfg = Debug|Any CPU
		{5FF78176-0385-4128-B6E0-C25090DED380}.Debug|x86.Build.0 = Debug|Any CPU
		{5FF78176-0385-4128-B6E0-C25090DED380}.Release|Any CPU.ActiveCfg = Release|Any CPU
		{5FF78176-0385-4128-B6E0-C25090DED380}.Release|Any CPU.Build.0 = Release|Any CPU
		{5FF78176-0385-4128-B6E0-C25090DED380}.Release|x64.ActiveCfg = Release|Any CPU
		{5FF78176-0385-4128-B6E0-C25090DED380}.Release|x64.Build.0 = Release|Any CPU
		{5FF78176-0385-4128-B6E0-C25090DED380}.Release|x86.ActiveCfg = Release|Any CPU
		{5FF78176-0385-4128-B6E0-C25090DED380}.Release|x86.Build.0 = Release|Any CPU
	EndGlobalSection
	GlobalSection(NestedProjects) = preSolution
		{99E64465-DA6E-4AFD-813C-E0144AB84861} = {8C188B2A-A6B5-4F12-AA49-CD15EDAA2FC0}
		{AF72AAF5-AFB8-4C51-ABAA-AED19FE96F63} = {8C188B2A-A6B5-4F12-AA49-CD15EDAA2FC0}
		{8942148C-160B-4A39-9AC9-0329F52D5E88} = {07A5B4C7-ED61-4776-814D-9AFB91ADA6DD}
		{5FF78176-0385-4128-B6E0-C25090DED380} = {8C188B2A-A6B5-4F12-AA49-CD15EDAA2FC0}
	EndGlobalSection
EndGlobal
