
Microsoft Visual Studio Solution File, Format Version 12.00
# Visual Studio 14
VisualStudioVersion = 14.0.25420.1
MinimumVisualStudioVersion = 10.0.40219.1
Project("{FAE04EC0-301F-11D3-BF4B-00C04F79EFBC}") = "Benday.SqlServerUtilities.WpfUi", "Benday.SqlServerUtilities.WpfUi\Benday.SqlServerUtilities.WpfUi.csproj", "{CD089261-23D6-4A8F-AF6F-ABAB6E785536}"
EndProject
Project("{FAE04EC0-301F-11D3-BF4B-00C04F79EFBC}") = "Benday.SqlServerUtilities.Core", "Benday.SqlServerUtilities.Core\Benday.SqlServerUtilities.Core.csproj", "{910E2DAF-355E-4FC0-9E92-4FB409617574}"
EndProject
Project("{FAE04EC0-301F-11D3-BF4B-00C04F79EFBC}") = "Benday.SqlServerUtilities.UnitTests", "Benday.SqlServerUtilities.UnitTests\Benday.SqlServerUtilities.UnitTests.csproj", "{A22BC089-D5BB-4D8D-A639-414FB4206B19}"
EndProject
Project("{FAE04EC0-301F-11D3-BF4B-00C04F79EFBC}") = "Benday.Presentation", "Benday.Presentation\Benday.Presentation.csproj", "{629771C1-6434-47A8-B704-7055F3C03D00}"
EndProject
Project("{FAE04EC0-301F-11D3-BF4B-00C04F79EFBC}") = "Benday.Presentation.UnitTests", "Benday.Presentation.UnitTests\Benday.Presentation.UnitTests.csproj", "{FB3044B4-1CB1-4BDB-A76E-2E10871D662A}"
EndProject
Global
	GlobalSection(SolutionConfigurationPlatforms) = preSolution
		Debug|Any CPU = Debug|Any CPU
		Release|Any CPU = Release|Any CPU
	EndGlobalSection
	GlobalSection(ProjectConfigurationPlatforms) = postSolution
		{CD089261-23D6-4A8F-AF6F-ABAB6E785536}.Debug|Any CPU.ActiveCfg = Debug|Any CPU
		{CD089261-23D6-4A8F-AF6F-ABAB6E785536}.Debug|Any CPU.Build.0 = Debug|Any CPU
		{CD089261-23D6-4A8F-AF6F-ABAB6E785536}.Release|Any CPU.ActiveCfg = Release|Any CPU
		{CD089261-23D6-4A8F-AF6F-ABAB6E785536}.Release|Any CPU.Build.0 = Release|Any CPU
		{910E2DAF-355E-4FC0-9E92-4FB409617574}.Debug|Any CPU.ActiveCfg = Debug|Any CPU
		{910E2DAF-355E-4FC0-9E92-4FB409617574}.Debug|Any CPU.Build.0 = Debug|Any CPU
		{910E2DAF-355E-4FC0-9E92-4FB409617574}.Release|Any CPU.ActiveCfg = Release|Any CPU
		{910E2DAF-355E-4FC0-9E92-4FB409617574}.Release|Any CPU.Build.0 = Release|Any CPU
		{A22BC089-D5BB-4D8D-A639-414FB4206B19}.Debug|Any CPU.ActiveCfg = Debug|Any CPU
		{A22BC089-D5BB-4D8D-A639-414FB4206B19}.Debug|Any CPU.Build.0 = Debug|Any CPU
		{A22BC089-D5BB-4D8D-A639-414FB4206B19}.Release|Any CPU.ActiveCfg = Release|Any CPU
		{A22BC089-D5BB-4D8D-A639-414FB4206B19}.Release|Any CPU.Build.0 = Release|Any CPU
		{629771C1-6434-47A8-B704-7055F3C03D00}.Debug|Any CPU.ActiveCfg = Debug|Any CPU
		{629771C1-6434-47A8-B704-7055F3C03D00}.Debug|Any CPU.Build.0 = Debug|Any CPU
		{629771C1-6434-47A8-B704-7055F3C03D00}.Release|Any CPU.ActiveCfg = Release|Any CPU
		{629771C1-6434-47A8-B704-7055F3C03D00}.Release|Any CPU.Build.0 = Release|Any CPU
		{FB3044B4-1CB1-4BDB-A76E-2E10871D662A}.Debug|Any CPU.ActiveCfg = Debug|Any CPU
		{FB3044B4-1CB1-4BDB-A76E-2E10871D662A}.Debug|Any CPU.Build.0 = Debug|Any CPU
		{FB3044B4-1CB1-4BDB-A76E-2E10871D662A}.Release|Any CPU.ActiveCfg = Release|Any CPU
		{FB3044B4-1CB1-4BDB-A76E-2E10871D662A}.Release|Any CPU.Build.0 = Release|Any CPU
	EndGlobalSection
	GlobalSection(SolutionProperties) = preSolution
		HideSolutionNode = FALSE
	EndGlobalSection
EndGlobal
